<?xml version="1.0" encoding="utf-8"?>
<Project ToolsVersion="4.0" xmlns="http://schemas.microsoft.com/developer/msbuild/2003">
  <ItemGroup>
    <Filter Include="Source Files">
      <UniqueIdentifier>{4FC737F1-C7A5-4376-A066-2A32D752A2FF}</UniqueIdentifier>
      <Extensions>cpp;c;cc;cxx;c++;cppm;ixx;def;odl;idl;hpj;bat;asm;asmx</Extensions>
    </Filter>
    <Filter Include="Header Files">
      <UniqueIdentifier>{93995380-89BD-4b04-88EB-625FBE52EBFB}</UniqueIdentifier>
      <Extensions>h;hh;hpp;hxx;h++;hm;inl;inc;ipp;xsd</Extensions>
    </Filter>
    <Filter Include="Resource Files">
      <UniqueIdentifier>{67DA6AB6-F800-4c08-8B7A-83BB121AAD01}</UniqueIdentifier>
      <Extensions>rc;ico;cur;bmp;dlg;rc2;rct;bin;rgs;gif;jpg;jpeg;jpe;resx;tiff;tif;png;wav;mfcribbon-ms</Extensions>
    </Filter>
  </ItemGroup>
  <ItemGroup>
    <ClCompile Include="src\main.cpp">
      <Filter>Source Files</Filter>
    </ClCompile>
    <ClCompile Include="src\utils\Date.cpp">
      <Filter>Source Files</Filter>
    </ClCompile>
    <ClCompile Include="src\utils\Time.cpp">
      <Filter>Source Files</Filter>
    </ClCompile>
    <ClCompile Include="src\models\Person.cpp">
      <Filter>Source Files</Filter>
    </ClCompile>
    <ClCompile Include="src\models\Object.cpp">
      <Filter>Source Files</Filter>
    </ClCompile>
    <ClCompile Include="src\models\HealthInsurance.cpp">
      <Filter>Source Files</Filter>
    </ClCompile>
    <ClCompile Include="src\models\Patient.cpp">
      <Filter>Source Files</Filter>
    </ClCompile>
    <ClCompile Include="src\models\Department.cpp">
      <Filter>Source Files</Filter>
    </ClCompile>
    <ClCompile Include="src\models\Doctor.cpp">
      <Filter>Source Files</Filter>
    </ClCompile>
    <ClCompile Include="src\models\Employee.cpp">
      <Filter>Source Files</Filter>
    </ClCompile>
    <ClCompile Include="src\models\Nurse.cpp">
      <Filter>Source Files</Filter>
    </ClCompile>
    <ClCompile Include="src\models\Receptionist.cpp">
      <Filter>Source Files</Filter>
    </ClCompile>
    <ClCompile Include="src\models\TxtDepartmentParser.cpp">
      <Filter>Source Files</Filter>
    </ClCompile>
    <ClCompile Include="src\models\TxtDepartmentRepository.cpp">
      <Filter>Source Files</Filter>
    </ClCompile>
    <ClCompile Include="src\models\TxtDoctorParser.cpp">
      <Filter>Source Files</Filter>
    </ClCompile>
    <ClCompile Include="src\models\TxtEmployeeRepository.cpp">
      <Filter>Source Files</Filter>
    </ClCompile>
    <ClCompile Include="src\models\TxtNurseParser.cpp">
      <Filter>Source Files</Filter>
    </ClCompile>
    <ClCompile Include="src\models\TxtParserFactory.cpp">
      <Filter>Source Files</Filter>
    </ClCompile>
    <ClCompile Include="src\models\TxtPatientParser.cpp">
      <Filter>Source Files</Filter>
    </ClCompile>
    <ClCompile Include="src\models\TxtPatientRepository.cpp">
      <Filter>Source Files</Filter>
    </ClCompile>
    <ClCompile Include="src\models\TxtReceptionistParser.cpp">
      <Filter>Source Files</Filter>
    </ClCompile>
    <ClCompile Include="src\models\TxtWritingVisitor.cpp">
      <Filter>Source Files</Filter>
    </ClCompile>
    <ClCompile Include="src\models\Medicine.cpp">
      <Filter>Source Files</Filter>
    </ClCompile>
    <ClCompile Include="src\models\TxtMedicineRepository.h">
      <Filter>Source Files</Filter>
    </ClCompile>
    <ClCompile Include="src\models\TxtMedicineRepository.cpp">
      <Filter>Source Files</Filter>
    </ClCompile>
    <ClCompile Include="src\models\TxtMedicineParser.h">
      <Filter>Source Files</Filter>
    </ClCompile>
    <ClCompile Include="src\models\TxtMedicineParser.cpp">
      <Filter>Source Files</Filter>
    </ClCompile>
    <ClCompile Include="src\models\TestService.cpp">
      <Filter>Source Files</Filter>
    </ClCompile>
    <ClCompile Include="src\models\TxtTestServiceParser.cpp">
      <Filter>Source Files</Filter>
    </ClCompile>
    <ClCompile Include="src\models\TxtTestServiceRepository.cpp">
      <Filter>Source Files</Filter>
    </ClCompile>
    <ClCompile Include="src\models\MedicalRecord.cpp">
      <Filter>Source Files</Filter>
    </ClCompile>
    <ClCompile Include="src\models\TxtMedicalRecordRepository.cpp">
      <Filter>Source Files</Filter>
    </ClCompile>
    <ClCompile Include="src\models\BillableComponent.cpp">
      <Filter>Source Files</Filter>
    </ClCompile>
    <ClCompile Include="src\models\ClinicalTest.cpp">
      <Filter>Source Files</Filter>
    </ClCompile>
    <ClCompile Include="src\models\RegisteredState.cpp">
      <Filter>Source Files</Filter>
    </ClCompile>
    <ClCompile Include="src\models\PendingTestState.cpp">
      <Filter>Source Files</Filter>
    </ClCompile>
    <ClCompile Include="src\models\ExaminingState.cpp">
      <Filter>Source Files</Filter>
    </ClCompile>
    <ClCompile Include="src\models\CompletedState.cpp">
      <Filter>Source Files</Filter>
    </ClCompile>
    <ClCompile Include="src\models\MedicineUsage.cpp">
      <Filter>Source Files</Filter>
    </ClCompile>
  </ItemGroup>
  <ItemGroup>
    <ClInclude Include="src\utils\Date.h">
      <Filter>Header Files</Filter>
    </ClInclude>
    <ClInclude Include="src\utils\Time.h">
      <Filter>Header Files</Filter>
    </ClInclude>
    <ClInclude Include="src\utils\QueryBuilder.h">
      <Filter>Header Files</Filter>
    </ClInclude>
    <ClInclude Include="src\utils\QueryTypes.h">
      <Filter>Header Files</Filter>
    </ClInclude>
    <ClInclude Include="src\models\Nurse.h">
      <Filter>Header Files</Filter>
    </ClInclude>
    <ClInclude Include="src\models\Person.h">
      <Filter>Header Files</Filter>
    </ClInclude>
    <ClInclude Include="src\models\Object.h">
      <Filter>Header Files</Filter>
    </ClInclude>
    <ClInclude Include="src\utils\QueryUtils.h">
      <Filter>Header Files</Filter>
    </ClInclude>
    <ClInclude Include="src\models\HealthInsurance.h">
      <Filter>Header Files</Filter>
    </ClInclude>
    <ClInclude Include="src\models\Patient.h">
      <Filter>Header Files</Filter>
    </ClInclude>
    <ClInclude Include="src\utils\utils_template.h">
      <Filter>Header Files</Filter>
    </ClInclude>
    <ClInclude Include="src\interfaces\IPaymentMethod.h">
      <Filter>Header Files</Filter>
    </ClInclude>
    <ClInclude Include="src\models\Receptionist.h">
      <Filter>Header Files</Filter>
    </ClInclude>
    <ClInclude Include="src\models\Department.h">
      <Filter>Header Files</Filter>
    </ClInclude>
    <ClInclude Include="src\models\DepartmentParser.h">
      <Filter>Header Files</Filter>
    </ClInclude>
    <ClInclude Include="src\models\Doctor.h">
      <Filter>Header Files</Filter>
    </ClInclude>
    <ClInclude Include="src\models\DoctorParser.h">
      <Filter>Header Files</Filter>
    </ClInclude>
    <ClInclude Include="src\models\Employee.h">
      <Filter>Header Files</Filter>
    </ClInclude>
    <ClInclude Include="src\models\NurseParser.h">
      <Filter>Header Files</Filter>
    </ClInclude>
    <ClInclude Include="src\models\PatientParser.h">
      <Filter>Header Files</Filter>
    </ClInclude>
    <ClInclude Include="src\models\ReceptionistParser.h">
      <Filter>Header Files</Filter>
    </ClInclude>
    <ClInclude Include="src\models\TxtDepartmentParser.h">
      <Filter>Header Files</Filter>
    </ClInclude>
    <ClInclude Include="src\models\TxtDepartmentRepository.h">
      <Filter>Header Files</Filter>
    </ClInclude>
    <ClInclude Include="src\models\TxtDoctorParser.h">
      <Filter>Header Files</Filter>
    </ClInclude>
    <ClInclude Include="src\models\TxtEmployeeRepository.h">
      <Filter>Header Files</Filter>
    </ClInclude>
    <ClInclude Include="src\models\TxtNurseParser.h">
      <Filter>Header Files</Filter>
    </ClInclude>
    <ClInclude Include="src\models\TxtParserFactory.h">
      <Filter>Header Files</Filter>
    </ClInclude>
    <ClInclude Include="src\models\TxtPatientParser.h">
      <Filter>Header Files</Filter>
    </ClInclude>
    <ClInclude Include="src\models\TxtPatientRepository.h">
      <Filter>Header Files</Filter>
    </ClInclude>
    <ClInclude Include="src\models\TxtReceptionistParser.h">
      <Filter>Header Files</Filter>
    </ClInclude>
    <ClInclude Include="src\models\TxtWritingVisitor.h">
      <Filter>Header Files</Filter>
    </ClInclude>
    <ClInclude Include="src\models\Medicine.h">
      <Filter>Header Files</Filter>
    </ClInclude>
    <ClInclude Include="src\interfaces\IMedicineRepository.h">
      <Filter>Header Files</Filter>
    </ClInclude>
    <ClInclude Include="src\models\MedicineParser.h">
      <Filter>Header Files</Filter>
    </ClInclude>
    <ClInclude Include="src\models\TestService.h">
      <Filter>Header Files</Filter>
    </ClInclude>
    <ClInclude Include="src\models\TestServiceParser.h">
      <Filter>Header Files</Filter>
    </ClInclude>
    <ClInclude Include="src\models\TxtTestServiceParser.h">
      <Filter>Header Files</Filter>
    </ClInclude>
    <ClInclude Include="src\interfaces\ITestServiceRepository.h">
      <Filter>Header Files</Filter>
    </ClInclude>
    <ClInclude Include="src\models\TxtTestServiceRepository.h">
      <Filter>Header Files</Filter>
    </ClInclude>
    <ClInclude Include="src\models\MedicalRecord.h">
      <Filter>Header Files</Filter>
    </ClInclude>
    <ClInclude Include="src\interfaces\IMedicalRecordRepository.h">
      <Filter>Header Files</Filter>
    </ClInclude>
    <ClInclude Include="src\models\TxtMedicalRecordRepository.h">
      <Filter>Header Files</Filter>
    </ClInclude>
    <ClInclude Include="src\models\BillableComponent.h">
      <Filter>Header Files</Filter>
    </ClInclude>
    <ClInclude Include="src\models\ClinicalTest.h">
      <Filter>Header Files</Filter>
    </ClInclude>
    <ClInclude Include="src\models\RegisteredState.h">
      <Filter>Header Files</Filter>
    </ClInclude>
    <ClInclude Include="src\models\PendingTestState.h">
      <Filter>Header Files</Filter>
    </ClInclude>
    <ClInclude Include="src\models\ExaminingState.h">
      <Filter>Header Files</Filter>
    </ClInclude>
    <ClInclude Include="src\models\ExaminationState.h">
      <Filter>Header Files</Filter>
    </ClInclude>
    <ClInclude Include="src\models\CompletedState.h">
      <Filter>Header Files</Filter>
    </ClInclude>
    <ClInclude Include="src\models\MedicineUsage.h">
      <Filter>Header Files</Filter>
    </ClInclude>
  </ItemGroup>
  <ItemGroup>
    <Text Include="patients.txt" />
  </ItemGroup>
</Project>